
Microsoft Visual Studio Solution File, Format Version 12.00
# Visual Studio Version 16
VisualStudioVersion = 16.0.29001.49
MinimumVisualStudioVersion = 10.0.40219.1
Project("{9A19103F-16F7-4668-BE54-9A1E7A4F7556}") = "BESL.Web", "BESL.Web\BESL.Web.csproj", "{D866D568-DC17-4D51-8450-0059EBD5FACA}"
EndProject
Project("{9A19103F-16F7-4668-BE54-9A1E7A4F7556}") = "BESL.Persistence", "BESL.Persistence\BESL.Persistence.csproj", "{7E21B210-A3D2-40DA-88F4-3EC5537B25D2}"
EndProject
Project("{9A19103F-16F7-4668-BE54-9A1E7A4F7556}") = "BESL.Domain", "BESL.Domain\BESL.Domain.csproj", "{C2A372B4-723C-4846-9345-BF2093D1D560}"
EndProject
Project("{2150E333-8FDC-42A3-9474-1A3956D46DE8}") = "Presentation", "Presentation", "{4D43F9DB-8B94-434E-BB58-34871D208D3E}"
EndProject
Project("{2150E333-8FDC-42A3-9474-1A3956D46DE8}") = "Infrastructure", "Infrastructure", "{D6B5D52A-4BA0-4BFA-A26D-89F124800B52}"
EndProject
Project("{2150E333-8FDC-42A3-9474-1A3956D46DE8}") = "Common", "Common", "{1416725C-3E0C-4546-9189-3BAC13D5FB2F}"
EndProject
Project("{9A19103F-16F7-4668-BE54-9A1E7A4F7556}") = "BESL.Common", "BESL.Common\BESL.Common.csproj", "{B6E646E3-73AF-4933-A283-0CDF4C30E688}"
EndProject
Project("{2150E333-8FDC-42A3-9474-1A3956D46DE8}") = "Core", "Core", "{A00B21D4-530D-45DA-BD18-BA3EC142E088}"
EndProject
Project("{9A19103F-16F7-4668-BE54-9A1E7A4F7556}") = "BESL.Application", "BESL.Application\BESL.Application.csproj", "{A5C6CA10-3C4E-48D5-A0CE-C99DDF333633}"
EndProject
Project("{2150E333-8FDC-42A3-9474-1A3956D46DE8}") = "Tests", "Tests", "{3D653B2D-88DC-43B3-98E9-C724D2F11B99}"
EndProject
Project("{9A19103F-16F7-4668-BE54-9A1E7A4F7556}") = "BESL.Application.Tests", "BESL.Application.Tests\BESL.Application.Tests.csproj", "{D64CD4D7-D5DD-45DE-B76F-F668467D7945}"
EndProject
Project("{FAE04EC0-301F-11D3-BF4B-00C04F79EFBC}") = "BESL.Infrastructure", "BESL.Infrastructure\BESL.Infrastructure.csproj", "{90DF1E52-D12F-440D-B047-5DB3D58D73D0}"
EndProject
Global
	GlobalSection(SolutionConfigurationPlatforms) = preSolution
		Debug|Any CPU = Debug|Any CPU
		Release|Any CPU = Release|Any CPU
	EndGlobalSection
	GlobalSection(ProjectConfigurationPlatforms) = postSolution
		{D866D568-DC17-4D51-8450-0059EBD5FACA}.Debug|Any CPU.ActiveCfg = Debug|Any CPU
		{D866D568-DC17-4D51-8450-0059EBD5FACA}.Debug|Any CPU.Build.0 = Debug|Any CPU
		{D866D568-DC17-4D51-8450-0059EBD5FACA}.Release|Any CPU.ActiveCfg = Release|Any CPU
		{D866D568-DC17-4D51-8450-0059EBD5FACA}.Release|Any CPU.Build.0 = Release|Any CPU
		{7E21B210-A3D2-40DA-88F4-3EC5537B25D2}.Debug|Any CPU.ActiveCfg = Debug|Any CPU
		{7E21B210-A3D2-40DA-88F4-3EC5537B25D2}.Debug|Any CPU.Build.0 = Debug|Any CPU
		{7E21B210-A3D2-40DA-88F4-3EC5537B25D2}.Release|Any CPU.ActiveCfg = Release|Any CPU
		{7E21B210-A3D2-40DA-88F4-3EC5537B25D2}.Release|Any CPU.Build.0 = Release|Any CPU
		{C2A372B4-723C-4846-9345-BF2093D1D560}.Debug|Any CPU.ActiveCfg = Debug|Any CPU
		{C2A372B4-723C-4846-9345-BF2093D1D560}.Debug|Any CPU.Build.0 = Debug|Any CPU
		{C2A372B4-723C-4846-9345-BF2093D1D560}.Release|Any CPU.ActiveCfg = Release|Any CPU
		{C2A372B4-723C-4846-9345-BF2093D1D560}.Release|Any CPU.Build.0 = Release|Any CPU
		{B6E646E3-73AF-4933-A283-0CDF4C30E688}.Debug|Any CPU.ActiveCfg = Debug|Any CPU
		{B6E646E3-73AF-4933-A283-0CDF4C30E688}.Debug|Any CPU.Build.0 = Debug|Any CPU
		{B6E646E3-73AF-4933-A283-0CDF4C30E688}.Release|Any CPU.ActiveCfg = Release|Any CPU
		{B6E646E3-73AF-4933-A283-0CDF4C30E688}.Release|Any CPU.Build.0 = Release|Any CPU
		{A5C6CA10-3C4E-48D5-A0CE-C99DDF333633}.Debug|Any CPU.ActiveCfg = Debug|Any CPU
		{A5C6CA10-3C4E-48D5-A0CE-C99DDF333633}.Debug|Any CPU.Build.0 = Debug|Any CPU
		{A5C6CA10-3C4E-48D5-A0CE-C99DDF333633}.Release|Any CPU.ActiveCfg = Release|Any CPU
		{A5C6CA10-3C4E-48D5-A0CE-C99DDF333633}.Release|Any CPU.Build.0 = Release|Any CPU
		{D64CD4D7-D5DD-45DE-B76F-F668467D7945}.Debug|Any CPU.ActiveCfg = Debug|Any CPU
		{D64CD4D7-D5DD-45DE-B76F-F668467D7945}.Debug|Any CPU.Build.0 = Debug|Any CPU
		{D64CD4D7-D5DD-45DE-B76F-F668467D7945}.Release|Any CPU.ActiveCfg = Release|Any CPU
		{D64CD4D7-D5DD-45DE-B76F-F668467D7945}.Release|Any CPU.Build.0 = Release|Any CPU
		{90DF1E52-D12F-440D-B047-5DB3D58D73D0}.Debug|Any CPU.ActiveCfg = Debug|Any CPU
		{90DF1E52-D12F-440D-B047-5DB3D58D73D0}.Debug|Any CPU.Build.0 = Debug|Any CPU
		{90DF1E52-D12F-440D-B047-5DB3D58D73D0}.Release|Any CPU.ActiveCfg = Release|Any CPU
		{90DF1E52-D12F-440D-B047-5DB3D58D73D0}.Release|Any CPU.Build.0 = Release|Any CPU
	EndGlobalSection
	GlobalSection(SolutionProperties) = preSolution
		HideSolutionNode = FALSE
	EndGlobalSection
	GlobalSection(NestedProjects) = preSolution
		{D866D568-DC17-4D51-8450-0059EBD5FACA} = {4D43F9DB-8B94-434E-BB58-34871D208D3E}
		{7E21B210-A3D2-40DA-88F4-3EC5537B25D2} = {D6B5D52A-4BA0-4BFA-A26D-89F124800B52}
		{C2A372B4-723C-4846-9345-BF2093D1D560} = {A00B21D4-530D-45DA-BD18-BA3EC142E088}
		{B6E646E3-73AF-4933-A283-0CDF4C30E688} = {1416725C-3E0C-4546-9189-3BAC13D5FB2F}
		{A5C6CA10-3C4E-48D5-A0CE-C99DDF333633} = {A00B21D4-530D-45DA-BD18-BA3EC142E088}
		{D64CD4D7-D5DD-45DE-B76F-F668467D7945} = {3D653B2D-88DC-43B3-98E9-C724D2F11B99}
		{90DF1E52-D12F-440D-B047-5DB3D58D73D0} = {D6B5D52A-4BA0-4BFA-A26D-89F124800B52}
	EndGlobalSection
	GlobalSection(ExtensibilityGlobals) = postSolution
		SolutionGuid = {28492DB0-7FA2-495F-A06F-66257A3E9FC6}
	EndGlobalSection
EndGlobal
